PODS:
  - HLTPLKit (0.1.1):
    - HLTPLKit/Alipay (= 0.1.1)
    - HLTPLKit/Tencent (= 0.1.1)
    - HLTPLKit/Wechat (= 0.1.1)
  - HLTPLKit/Alipay (0.1.1)
  - HLTPLKit/Tencent (0.1.1)
  - HLTPLKit/Wechat (0.1.1):
    - WechatOpenSDK
  - WechatOpenSDK (1.8.1)

DEPENDENCIES:
  - HLTPLKit (from `../`)

EXTERNAL SOURCES:
  HLTPLKit:
    :path: ../

SPEC CHECKSUMS:
  HLTPLKit: 23d7b579220e2b8aba8e17a4337f33fcaf1758f4
  WechatOpenSDK: 491d965d79335070328571d3e79f714549e79a5e

PODFILE CHECKSUM: 6e37cb12d1913d286f7f6cd4c17bc3eb8487db49

COCOAPODS: 1.3.1
